{
  "name": "klaro",
  "version": "0.9.4",
  "lockfileVersion": 2,
  "requires": true,
  "packages": {
    "": {
      "name": "klaro",
      "version": "0.9.4",
      "license": "BSD-3-Clause",
      "devDependencies": {
        "classnames": "^2.2.6",
        "core-js": "^3.6.5",
        "preact": "^10.4.7"
      }
    },
    "node_modules/classnames": {
      "version": "2.2.6",
      "resolved": "https://registry.npmjs.org/classnames/-/classnames-2.2.6.tgz",
      "integrity": "sha512-JR/iSQOSt+LQIWwrwEzJ9uk0xfN3mTVYMwt1Ir5mUcSN6pU+V4zQFFaJsclJbPuAUQH+yfWef6tm7l1quW3C8Q==",
      "dev": true
    },
    "node_modules/core-js": {
      "version": "3.6.5",
      "resolved": "https://registry.npmjs.org/core-js/-/core-js-3.6.5.tgz",
      "integrity": "sha512-vZVEEwZoIsI+vPEuoF9Iqf5H7/M3eeQqWlQnYa8FSKKePuYTf5MWnxb5SDAzCa60b3JBRS5g9b+Dq7b1y/RCrA==",
      "dev": true,
      "hasInstallScript": true
    },
    "node_modules/preact": {
      "version": "10.4.7",
      "resolved": "https://registry.npmjs.org/preact/-/preact-10.4.7.tgz",
      "integrity": "sha512-DtnnPbOm7oxW7Sxf5Co+KSIOxo7bGm0vLfJN/wGey7G2sAGKnGP5+bFyE2YIgutMISQl6xFVTsOd6l/Au88VVw==",
      "dev": true
    }
  },
  "dependencies": {
    "classnames": {
      "version": "2.2.6",
      "resolved": "https://registry.npmjs.org/classnames/-/classnames-2.2.6.tgz",
      "integrity": "sha512-JR/iSQOSt+LQIWwrwEzJ9uk0xfN3mTVYMwt1Ir5mUcSN6pU+V4zQFFaJsclJbPuAUQH+yfWef6tm7l1quW3C8Q==",
      "dev": true
    },
    "core-js": {
      "version": "3.6.5",
      "resolved": "https://registry.npmjs.org/core-js/-/core-js-3.6.5.tgz",
      "integrity": "sha512-vZVEEwZoIsI+vPEuoF9Iqf5H7/M3eeQqWlQnYa8FSKKePuYTf5MWnxb5SDAzCa60b3JBRS5g9b+Dq7b1y/RCrA==",
      "dev": true
    },
    "preact": {
      "version": "10.4.7",
      "resolved": "https://registry.npmjs.org/preact/-/preact-10.4.7.tgz",
      "integrity": "sha512-DtnnPbOm7oxW7Sxf5Co+KSIOxo7bGm0vLfJN/wGey7G2sAGKnGP5+bFyE2YIgutMISQl6xFVTsOd6l/Au88VVw==",
      "dev": true
    }
  }
}
